# generated by gits v0.0.1
# do not edit manually (well... unless you really know what you're doing)
foo:
  repo: https://github.com/someuser/foo.git
  type: repo
  group: project
  commit: 3ffc1b233fe40f3b810f579625677f372d34ac50
bar:
  repo: https://github.com/other/bar.git
  type: package
  group: project
  version: v > 1.2.3, < 4
testlib:
  repo: git@github.com:alice/testlib.git
  group: dev
  type: repo
  commit: 3ffc1b233fe40f3b810f579625677f372d34ac50
